
Microsoft Visual Studio Solution File, Format Version 12.00
# Visual Studio Version 17
VisualStudioVersion = 17.7.34031.279
MinimumVisualStudioVersion = 10.0.40219.1
Project("{9A19103F-16F7-4668-BE54-9A1E7A4F7556}") = "BlazorServerApp", "BlazorServerApp.csproj", "{8AF2D1EB-92C7-4303-B861-3B4BCC388ED8}"
EndProject
Project("{9A19103F-16F7-4668-BE54-9A1E7A4F7556}") = "RazorUIComponentLibrary", "RazorUIComponentLibrary\RazorUIComponentLibrary.csproj", "{68F8DE6B-7824-48BA-9A04-5D2381F8CD49}"
EndProject
Project("{9A19103F-16F7-4668-BE54-9A1E7A4F7556}") = "Net8WebAPI", "..\bdalldorf.tech.api\Net8WebAPI\NetCore8WebAPI\Net8WebAPI.csproj", "{E3D4BDAF-7246-4F12-9579-8DF9B2599A3B}"
EndProject
Project("{9A19103F-16F7-4668-BE54-9A1E7A4F7556}") = "Net8APIDataTransfer", "..\bdalldorf.tech.api\Net8APIDataTransfer\Net8APIDataTransfer.csproj", "{65279C02-7284-4145-A080-A2D768396FE0}"
EndProject
Project("{9A19103F-16F7-4668-BE54-9A1E7A4F7556}") = "BDCSharpUtils_Net8", "..\bdalldorf.tech.api\CSharpUtilityLibrary\BDCSharpUtils\BDCSharpUtils_Net8.csproj", "{41075532-0452-49A0-8E93-06E506DF6D11}"
EndProject
Global
	GlobalSection(SolutionConfigurationPlatforms) = preSolution
		Debug|Any CPU = Debug|Any CPU
		Release|Any CPU = Release|Any CPU
	EndGlobalSection
	GlobalSection(ProjectConfigurationPlatforms) = postSolution
		{8AF2D1EB-92C7-4303-B861-3B4BCC388ED8}.Debug|Any CPU.ActiveCfg = Debug|Any CPU
		{8AF2D1EB-92C7-4303-B861-3B4BCC388ED8}.Debug|Any CPU.Build.0 = Debug|Any CPU
		{8AF2D1EB-92C7-4303-B861-3B4BCC388ED8}.Release|Any CPU.ActiveCfg = Release|Any CPU
		{8AF2D1EB-92C7-4303-B861-3B4BCC388ED8}.Release|Any CPU.Build.0 = Release|Any CPU
		{68F8DE6B-7824-48BA-9A04-5D2381F8CD49}.Debug|Any CPU.ActiveCfg = Debug|Any CPU
		{68F8DE6B-7824-48BA-9A04-5D2381F8CD49}.Debug|Any CPU.Build.0 = Debug|Any CPU
		{68F8DE6B-7824-48BA-9A04-5D2381F8CD49}.Release|Any CPU.ActiveCfg = Release|Any CPU
		{68F8DE6B-7824-48BA-9A04-5D2381F8CD49}.Release|Any CPU.Build.0 = Release|Any CPU
		{E3D4BDAF-7246-4F12-9579-8DF9B2599A3B}.Debug|Any CPU.ActiveCfg = Debug|Any CPU
		{E3D4BDAF-7246-4F12-9579-8DF9B2599A3B}.Debug|Any CPU.Build.0 = Debug|Any CPU
		{E3D4BDAF-7246-4F12-9579-8DF9B2599A3B}.Release|Any CPU.ActiveCfg = Release|Any CPU
		{E3D4BDAF-7246-4F12-9579-8DF9B2599A3B}.Release|Any CPU.Build.0 = Release|Any CPU
		{65279C02-7284-4145-A080-A2D768396FE0}.Debug|Any CPU.ActiveCfg = Debug|Any CPU
		{65279C02-7284-4145-A080-A2D768396FE0}.Debug|Any CPU.Build.0 = Debug|Any CPU
		{65279C02-7284-4145-A080-A2D768396FE0}.Release|Any CPU.ActiveCfg = Release|Any CPU
		{65279C02-7284-4145-A080-A2D768396FE0}.Release|Any CPU.Build.0 = Release|Any CPU
		{41075532-0452-49A0-8E93-06E506DF6D11}.Debug|Any CPU.ActiveCfg = Debug|Any CPU
		{41075532-0452-49A0-8E93-06E506DF6D11}.Debug|Any CPU.Build.0 = Debug|Any CPU
		{41075532-0452-49A0-8E93-06E506DF6D11}.Release|Any CPU.ActiveCfg = Release|Any CPU
		{41075532-0452-49A0-8E93-06E506DF6D11}.Release|Any CPU.Build.0 = Release|Any CPU
	EndGlobalSection
	GlobalSection(SolutionProperties) = preSolution
		HideSolutionNode = FALSE
	EndGlobalSection
	GlobalSection(ExtensibilityGlobals) = postSolution
		SolutionGuid = {607D2F24-73BB-4C73-91EC-D3B62732C4E3}
	EndGlobalSection
EndGlobal
